
Microsoft Visual Studio Solution File, Format Version 12.00
# Visual Studio Version 16
VisualStudioVersion = 16.0.31515.178
MinimumVisualStudioVersion = 10.0.40219.1
Project("{9A19103F-16F7-4668-BE54-9A1E7A4F7556}") = "ExemploHeranca", "ExemploHeranca\ExemploHeranca.csproj", "{E5FDBA1B-06F9-49F1-B944-30FBCF11F597}"
EndProject
Project("{9A19103F-16F7-4668-BE54-9A1E7A4F7556}") = "ExemploNxN", "ExemploNxN\ExemploNxN.csproj", "{309C6A14-C37F-4AE2-93E1-3585E01AD5CC}"
EndProject
Project("{2150E333-8FDC-42A3-9474-1A3956D46DE8}") = "Solution Items", "Solution Items", "{58A0702F-0EF3-4649-A580-D8118051065E}"
	ProjectSection(SolutionItems) = preProject
		README.md = README.md
	EndProjectSection
EndProject
Global
	GlobalSection(SolutionConfigurationPlatforms) = preSolution
		Debug|Any CPU = Debug|Any CPU
		Release|Any CPU = Release|Any CPU
	EndGlobalSection
	GlobalSection(ProjectConfigurationPlatforms) = postSolution
		{E5FDBA1B-06F9-49F1-B944-30FBCF11F597}.Debug|Any CPU.ActiveCfg = Debug|Any CPU
		{E5FDBA1B-06F9-49F1-B944-30FBCF11F597}.Debug|Any CPU.Build.0 = Debug|Any CPU
		{E5FDBA1B-06F9-49F1-B944-30FBCF11F597}.Release|Any CPU.ActiveCfg = Release|Any CPU
		{E5FDBA1B-06F9-49F1-B944-30FBCF11F597}.Release|Any CPU.Build.0 = Release|Any CPU
		{309C6A14-C37F-4AE2-93E1-3585E01AD5CC}.Debug|Any CPU.ActiveCfg = Debug|Any CPU
		{309C6A14-C37F-4AE2-93E1-3585E01AD5CC}.Debug|Any CPU.Build.0 = Debug|Any CPU
		{309C6A14-C37F-4AE2-93E1-3585E01AD5CC}.Release|Any CPU.ActiveCfg = Release|Any CPU
		{309C6A14-C37F-4AE2-93E1-3585E01AD5CC}.Release|Any CPU.Build.0 = Release|Any CPU
	EndGlobalSection
	GlobalSection(SolutionProperties) = preSolution
		HideSolutionNode = FALSE
	EndGlobalSection
	GlobalSection(ExtensibilityGlobals) = postSolution
		SolutionGuid = {43566FCE-D6F3-4A12-8B65-7698401F5B02}
	EndGlobalSection
EndGlobal
